
Microsoft Visual Studio Solution File, Format Version 12.00
# Visual Studio 15
VisualStudioVersion = 15.0.28307.1433
MinimumVisualStudioVersion = 10.0.40219.1
Project("{FAE04EC0-301F-11D3-BF4B-00C04F79EFBC}") = "Proyecto", "Proyecto\Proyecto.csproj", "{E119109E-2466-48EE-AD62-E43DC97BC92C}"
EndProject
Global
	GlobalSection(SolutionConfigurationPlatforms) = preSolution
		Debug|Any CPU = Debug|Any CPU
		Release|Any CPU = Release|Any CPU
	EndGlobalSection
	GlobalSection(ProjectConfigurationPlatforms) = postSolution
		{E119109E-2466-48EE-AD62-E43DC97BC92C}.Debug|Any CPU.ActiveCfg = Debug|Any CPU
		{E119109E-2466-48EE-AD62-E43DC97BC92C}.Debug|Any CPU.Build.0 = Debug|Any CPU
		{E119109E-2466-48EE-AD62-E43DC97BC92C}.Release|Any CPU.ActiveCfg = Release|Any CPU
		{E119109E-2466-48EE-AD62-E43DC97BC92C}.Release|Any CPU.Build.0 = Release|Any CPU
	EndGlobalSection
	GlobalSection(SolutionProperties) = preSolution
		HideSolutionNode = FALSE
	EndGlobalSection
	GlobalSection(ExtensibilityGlobals) = postSolution
		SolutionGuid = {2C55BAA8-2E91-4207-AE29-281F6EC701DD}
	EndGlobalSection
EndGlobal
